Microsoft Visual Studio Solution File, Format Version 12.00
# Visual Studio 15
VisualStudioVersion = 15.0.28307.271
MinimumVisualStudioVersion = 10.0.40219.1
Project("{FAE04EC0-301F-11D3-BF4B-00C04F79EFBC}") = "ReytecDataLookupWindow", "ReytecDataLookupWindow.csproj", "{47265DD0-368A-4750-B095-6A17FFDAAA28}"
EndProject
Global
	GlobalSection(SolutionConfigurationPlatforms) = preSolution
		Debug|Any CPU = Debug|Any CPU
		Release|Any CPU = Release|Any CPU
	EndGlobalSection
	GlobalSection(ProjectConfigurationPlatforms) = postSolution
		{47265DD0-368A-4750-B095-6A17FFDAAA28}.Debug|Any CPU.ActiveCfg = Debug|Any CPU
		{47265DD0-368A-4750-B095-6A17FFDAAA28}.Debug|Any CPU.Build.0 = Debug|Any CPU
		{47265DD0-368A-4750-B095-6A17FFDAAA28}.Release|Any CPU.ActiveCfg = Release|Any CPU
		{47265DD0-368A-4750-B095-6A17FFDAAA28}.Release|Any CPU.Build.0 = Release|Any CPU
	EndGlobalSection
	GlobalSection(SolutionProperties) = preSolution
		HideSolutionNode = FALSE
	EndGlobalSection
	GlobalSection(ExtensibilityGlobals) = postSolution
		SolutionGuid = {0E9542E9-7B9C-406B-B404-C27357315A43}
	EndGlobalSection
EndGlobal
