Microsoft Visual Studio Solution File, Format Version 12.00
# Visual Studio Version 16
VisualStudioVersion = 16.0.29311.281
MinimumVisualStudioVersion = 10.0.40219.1
Project("{9A19103F-16F7-4668-BE54-9A1E7A4F7556}") = "JobCard", "JobCard.csproj", "{DC08C7AD-C1F6-408C-BBA9-04605C7E4F44}"
EndProject
Project("{9A19103F-16F7-4668-BE54-9A1E7A4F7556}") = "JobCardDAL", "..\JobCardDAL\JobCardDAL.csproj", "{96ADC65D-EC34-4029-B1F7-BD7A0F117F2B}"
EndProject
Project("{9A19103F-16F7-4668-BE54-9A1E7A4F7556}") = "ReytecDataFramework", "..\ReytecDataFramework\ReytecDataFramework.csproj", "{324F42DC-EF95-41F4-94D2-4EBC088E2990}"
EndProject
Project("{9A19103F-16F7-4668-BE54-9A1E7A4F7556}") = "ReytecCryptoFramework", "..\ReytecCryptoFramework\ReytecCryptoFramework.csproj", "{7B1024FA-5F2F-4A59-926B-ED50C05ECACB}"
EndProject
Project("{9A19103F-16F7-4668-BE54-9A1E7A4F7556}") = "ReytecDataLookupWindow", "..\ReytecDataLookupWindow\ReytecDataLookupWindow\ReytecDataLookupWindow.csproj", "{47265DD0-368A-4750-B095-6A17FFDAAA28}"
EndProject
Project("{9A19103F-16F7-4668-BE54-9A1E7A4F7556}") = "ReytecSoftButton", "..\ReytecSoftButton\ReytecSoftButton\ReytecSoftButton.csproj", "{16BC6FC7-0FF1-42C2-8D7F-A87BF88D104B}"
EndProject
Project("{2150E333-8FDC-42A3-9474-1A3956D46DE8}") = "Reytec", "Reytec", "{468066D0-F64A-4F9F-ACF2-27780715367F}"
EndProject
Project("{9A19103F-16F7-4668-BE54-9A1E7A4F7556}") = "JobCardFunctions", "..\JobCardFunctions\JobCardFunctions.csproj", "{06381EF7-E19F-4175-BC64-2267B725B6FE}"
EndProject
Project("{9A19103F-16F7-4668-BE54-9A1E7A4F7556}") = "JobReport", "..\JobReport\JobReport.csproj", "{E9EBC945-5831-4B33-98EA-EA783C9ED101}"
EndProject
Project("{9A19103F-16F7-4668-BE54-9A1E7A4F7556}") = "Jobcard.Data", "..\Jobcard.Data\Jobcard.Data.csproj", "{B60694F4-DEDE-4699-AAF0-0AF96C804C6F}"
EndProject
Project("{9A19103F-16F7-4668-BE54-9A1E7A4F7556}") = "Jobcard.Core", "..\Jobcard.Core\Jobcard.Core.csproj", "{5299A685-2F34-4984-8BE4-86C465DDA97F}"
EndProject
Project("{FAE04EC0-301F-11D3-BF4B-00C04F79EFBC}") = "AzureLoginProxy", "..\AzureLoginProxy\AzureLoginProxy.csproj", "{3EB67FF3-61CB-4AA5-B394-E249CFFE540A}"
EndProject
Global
	GlobalSection(SolutionConfigurationPlatforms) = preSolution
		Debug|Any CPU = Debug|Any CPU
		Release|Any CPU = Release|Any CPU
	EndGlobalSection
	GlobalSection(ProjectConfigurationPlatforms) = postSolution
		{DC08C7AD-C1F6-408C-BBA9-04605C7E4F44}.Debug|Any CPU.ActiveCfg = Debug|Any CPU
		{DC08C7AD-C1F6-408C-BBA9-04605C7E4F44}.Debug|Any CPU.Build.0 = Debug|Any CPU
		{DC08C7AD-C1F6-408C-BBA9-04605C7E4F44}.Release|Any CPU.ActiveCfg = Release|Any CPU
		{DC08C7AD-C1F6-408C-BBA9-04605C7E4F44}.Release|Any CPU.Build.0 = Release|Any CPU
		{96ADC65D-EC34-4029-B1F7-BD7A0F117F2B}.Debug|Any CPU.ActiveCfg = Debug|Any CPU
		{96ADC65D-EC34-4029-B1F7-BD7A0F117F2B}.Debug|Any CPU.Build.0 = Debug|Any CPU
		{96ADC65D-EC34-4029-B1F7-BD7A0F117F2B}.Release|Any CPU.ActiveCfg = Release|Any CPU
		{96ADC65D-EC34-4029-B1F7-BD7A0F117F2B}.Release|Any CPU.Build.0 = Release|Any CPU
		{324F42DC-EF95-41F4-94D2-4EBC088E2990}.Debug|Any CPU.ActiveCfg = Debug|Any CPU
		{324F42DC-EF95-41F4-94D2-4EBC088E2990}.Debug|Any CPU.Build.0 = Debug|Any CPU
		{324F42DC-EF95-41F4-94D2-4EBC088E2990}.Release|Any CPU.ActiveCfg = Release|Any CPU
		{324F42DC-EF95-41F4-94D2-4EBC088E2990}.Release|Any CPU.Build.0 = Release|Any CPU
		{7B1024FA-5F2F-4A59-926B-ED50C05ECACB}.Debug|Any CPU.ActiveCfg = Debug|Any CPU
		{7B1024FA-5F2F-4A59-926B-ED50C05ECACB}.Debug|Any CPU.Build.0 = Debug|Any CPU
		{7B1024FA-5F2F-4A59-926B-ED50C05ECACB}.Release|Any CPU.ActiveCfg = Release|Any CPU
		{7B1024FA-5F2F-4A59-926B-ED50C05ECACB}.Release|Any CPU.Build.0 = Release|Any CPU
		{47265DD0-368A-4750-B095-6A17FFDAAA28}.Debug|Any CPU.ActiveCfg = Debug|Any CPU
		{47265DD0-368A-4750-B095-6A17FFDAAA28}.Debug|Any CPU.Build.0 = Debug|Any CPU
		{47265DD0-368A-4750-B095-6A17FFDAAA28}.Release|Any CPU.ActiveCfg = Release|Any CPU
		{47265DD0-368A-4750-B095-6A17FFDAAA28}.Release|Any CPU.Build.0 = Release|Any CPU
		{16BC6FC7-0FF1-42C2-8D7F-A87BF88D104B}.Debug|Any CPU.ActiveCfg = Debug|Any CPU
		{16BC6FC7-0FF1-42C2-8D7F-A87BF88D104B}.Debug|Any CPU.Build.0 = Debug|Any CPU
		{16BC6FC7-0FF1-42C2-8D7F-A87BF88D104B}.Release|Any CPU.ActiveCfg = Release|Any CPU
		{16BC6FC7-0FF1-42C2-8D7F-A87BF88D104B}.Release|Any CPU.Build.0 = Release|Any CPU
		{06381EF7-E19F-4175-BC64-2267B725B6FE}.Debug|Any CPU.ActiveCfg = Debug|Any CPU
		{06381EF7-E19F-4175-BC64-2267B725B6FE}.Debug|Any CPU.Build.0 = Debug|Any CPU
		{06381EF7-E19F-4175-BC64-2267B725B6FE}.Release|Any CPU.ActiveCfg = Release|Any CPU
		{06381EF7-E19F-4175-BC64-2267B725B6FE}.Release|Any CPU.Build.0 = Release|Any CPU
		{E9EBC945-5831-4B33-98EA-EA783C9ED101}.Debug|Any CPU.ActiveCfg = Debug|Any CPU
		{E9EBC945-5831-4B33-98EA-EA783C9ED101}.Debug|Any CPU.Build.0 = Debug|Any CPU
		{E9EBC945-5831-4B33-98EA-EA783C9ED101}.Release|Any CPU.ActiveCfg = Release|Any CPU
		{E9EBC945-5831-4B33-98EA-EA783C9ED101}.Release|Any CPU.Build.0 = Release|Any CPU
		{B60694F4-DEDE-4699-AAF0-0AF96C804C6F}.Debug|Any CPU.ActiveCfg = Debug|Any CPU
		{B60694F4-DEDE-4699-AAF0-0AF96C804C6F}.Debug|Any CPU.Build.0 = Debug|Any CPU
		{B60694F4-DEDE-4699-AAF0-0AF96C804C6F}.Release|Any CPU.ActiveCfg = Release|Any CPU
		{B60694F4-DEDE-4699-AAF0-0AF96C804C6F}.Release|Any CPU.Build.0 = Release|Any CPU
		{5299A685-2F34-4984-8BE4-86C465DDA97F}.Debug|Any CPU.ActiveCfg = Debug|Any CPU
		{5299A685-2F34-4984-8BE4-86C465DDA97F}.Debug|Any CPU.Build.0 = Debug|Any CPU
		{5299A685-2F34-4984-8BE4-86C465DDA97F}.Release|Any CPU.ActiveCfg = Release|Any CPU
		{5299A685-2F34-4984-8BE4-86C465DDA97F}.Release|Any CPU.Build.0 = Release|Any CPU
		{3EB67FF3-61CB-4AA5-B394-E249CFFE540A}.Debug|Any CPU.ActiveCfg = Debug|Any CPU
		{3EB67FF3-61CB-4AA5-B394-E249CFFE540A}.Debug|Any CPU.Build.0 = Debug|Any CPU
		{3EB67FF3-61CB-4AA5-B394-E249CFFE540A}.Release|Any CPU.ActiveCfg = Release|Any CPU
		{3EB67FF3-61CB-4AA5-B394-E249CFFE540A}.Release|Any CPU.Build.0 = Release|Any CPU
	EndGlobalSection
	GlobalSection(SolutionProperties) = preSolution
		HideSolutionNode = FALSE
	EndGlobalSection
	GlobalSection(NestedProjects) = preSolution
		{324F42DC-EF95-41F4-94D2-4EBC088E2990} = {468066D0-F64A-4F9F-ACF2-27780715367F}
		{7B1024FA-5F2F-4A59-926B-ED50C05ECACB} = {468066D0-F64A-4F9F-ACF2-27780715367F}
		{47265DD0-368A-4750-B095-6A17FFDAAA28} = {468066D0-F64A-4F9F-ACF2-27780715367F}
		{16BC6FC7-0FF1-42C2-8D7F-A87BF88D104B} = {468066D0-F64A-4F9F-ACF2-27780715367F}
	EndGlobalSection
	GlobalSection(ExtensibilityGlobals) = postSolution
		SolutionGuid = {83E75EBC-B7BD-41F8-BE7A-0070111AD0C8}
	EndGlobalSection
EndGlobal
